{
  "version": 4,
  "terraform_version": "1.11.1",
  "serial": 18,
  "lineage": "9316d559-e93c-f2d7-1116-b89ef297ca0f",
  "outputs": {},
  "resources": [
    {
      "module": "module.bastion_instance",
      "mode": "data",
      "type": "aws_ami",
      "name": "latest_ubuntu",
      "provider": "provider[\"registry.terraform.io/hashicorp/aws\"]",
      "instances": [
        {
          "schema_version": 0,
          "attributes": {
            "architecture": "x86_64",
            "arn": "arn:aws:ec2:ca-central-1::image/ami-08355844f8bc94f55",
            "block_device_mappings": [
              {
                "device_name": "/dev/sda1",
                "ebs": {
                  "delete_on_termination": "true",
                  "encrypted": "false",
                  "iops": "0",
                  "snapshot_id": "snap-08fbc6cf6179f02e9",
                  "throughput": "0",
                  "volume_size": "8",
                  "volume_type": "gp3"
                },
                "no_device": "",
                "virtual_name": ""
              },
              {
                "device_name": "/dev/sdb",
                "ebs": {},
                "no_device": "",
                "virtual_name": "ephemeral0"
              },
              {
                "device_name": "/dev/sdc",
                "ebs": {},
                "no_device": "",
                "virtual_name": "ephemeral1"
              }
            ],
            "boot_mode": "uefi-preferred",
            "creation_date": "2025-03-05T09:18:05.000Z",
            "deprecation_time": "2027-03-05T09:18:05.000Z",
            "description": "Canonical, Ubuntu, 24.04, amd64 noble image",
            "ena_support": true,
            "executable_users": null,
            "filter": [
              {
                "name": "architecture",
                "values": [
                  "x86_64"
                ]
              },
              {
                "name": "name",
                "values": [
                  "ubuntu/images/hvm-ssd-gp3/ubuntu-noble-24.04-amd64-server-*"
                ]
              }
            ],
            "hypervisor": "xen",
            "id": "ami-08355844f8bc94f55",
            "image_id": "ami-08355844f8bc94f55",
            "image_location": "amazon/ubuntu/images/hvm-ssd-gp3/ubuntu-noble-24.04-amd64-server-20250305",
            "image_owner_alias": "amazon",
            "image_type": "machine",
            "imds_support": "v2.0",
            "include_deprecated": false,
            "kernel_id": "",
            "most_recent": true,
            "name": "ubuntu/images/hvm-ssd-gp3/ubuntu-noble-24.04-amd64-server-20250305",
            "name_regex": null,
            "owner_id": "099720109477",
            "owners": [
              "099720109477"
            ],
            "platform": "",
            "platform_details": "Linux/UNIX",
            "product_codes": [],
            "public": true,
            "ramdisk_id": "",
            "root_device_name": "/dev/sda1",
            "root_device_type": "ebs",
            "root_snapshot_id": "snap-08fbc6cf6179f02e9",
            "sriov_net_support": "simple",
            "state": "available",
            "state_reason": {
              "code": "UNSET",
              "message": "UNSET"
            },
            "tags": {},
            "timeouts": null,
            "tpm_support": "",
            "uefi_data": null,
            "usage_operation": "RunInstances",
            "virtualization_type": "hvm"
          },
          "sensitive_attributes": []
        }
      ]
    },
    {
      "module": "module.bastion_instance",
      "mode": "managed",
      "type": "aws_instance",
      "name": "bastion",
      "provider": "provider[\"registry.terraform.io/hashicorp/aws\"]",
      "instances": [
        {
          "schema_version": 1,
          "attributes": {
            "ami": "ami-055943271915205db",
            "arn": "arn:aws:ec2:ca-central-1:545799132789:instance/i-0333e92b0e30f66d3",
            "associate_public_ip_address": true,
            "availability_zone": "ca-central-1d",
            "capacity_reservation_specification": [
              {
                "capacity_reservation_preference": "open",
                "capacity_reservation_target": []
              }
            ],
            "cpu_core_count": 1,
            "cpu_options": [
              {
                "amd_sev_snp": "",
                "core_count": 1,
                "threads_per_core": 2
              }
            ],
            "cpu_threads_per_core": 2,
            "credit_specification": [
              {
                "cpu_credits": "unlimited"
              }
            ],
            "disable_api_stop": false,
            "disable_api_termination": false,
            "ebs_block_device": [],
            "ebs_optimized": false,
            "enable_primary_ipv6": null,
            "enclave_options": [
              {
                "enabled": false
              }
            ],
            "ephemeral_block_device": [],
            "get_password_data": false,
            "hibernation": false,
            "host_id": "",
            "host_resource_group_arn": null,
            "iam_instance_profile": "bastion-instance-profile",
            "id": "i-0333e92b0e30f66d3",
            "instance_initiated_shutdown_behavior": "stop",
            "instance_lifecycle": "",
            "instance_market_options": [],
            "instance_state": "running",
            "instance_type": "t3.medium",
            "ipv6_address_count": 0,
            "ipv6_addresses": [],
            "key_name": "",
            "launch_template": [],
            "maintenance_options": [
              {
                "auto_recovery": "default"
              }
            ],
            "metadata_options": [
              {
                "http_endpoint": "enabled",
                "http_protocol_ipv6": "disabled",
                "http_put_response_hop_limit": 2,
                "http_tokens": "required",
                "instance_metadata_tags": "disabled"
              }
            ],
            "monitoring": false,
            "network_interface": [],
            "outpost_arn": "",
            "password_data": "",
            "placement_group": "",
            "placement_partition_number": 0,
            "primary_network_interface_id": "eni-0b712398a77099afe",
            "private_dns": "ip-172-31-40-92.ca-central-1.compute.internal",
            "private_dns_name_options": [
              {
                "enable_resource_name_dns_a_record": false,
                "enable_resource_name_dns_aaaa_record": false,
                "hostname_type": "ip-name"
              }
            ],
            "private_ip": "172.31.40.92",
            "public_dns": "ec2-3-97-114-6.ca-central-1.compute.amazonaws.com",
            "public_ip": "3.97.114.6",
            "root_block_device": [
              {
                "delete_on_termination": true,
                "device_name": "/dev/sda1",
                "encrypted": false,
                "iops": 3000,
                "kms_key_id": "",
                "tags": {},
                "tags_all": {},
                "throughput": 125,
                "volume_id": "vol-042331bbb8a8c25f5",
                "volume_size": 8,
                "volume_type": "gp3"
              }
            ],
            "secondary_private_ips": [],
            "security_groups": [
              "bastion-security-group"
            ],
            "source_dest_check": true,
            "spot_instance_request_id": "",
            "subnet_id": "subnet-09e8ce731fc3252c2",
            "tags": {
              "Name": "Bastion-Host"
            },
            "tags_all": {
              "Name": "Bastion-Host"
            },
            "tenancy": "default",
            "timeouts": null,
            "user_data": null,
            "user_data_base64": null,
            "user_data_replace_on_change": false,
            "volume_tags": null,
            "vpc_security_group_ids": [
              "sg-0921b802f32529f1c"
            ]
          },
          "sensitive_attributes": [],
          "private": "eyJlMmJmYjczMC1lY2FhLTExZTYtOGY4OC0zNDM2M2JjN2M0YzAiOnsiY3JlYXRlIjo2MDAwMDAwMDAwMDAsImRlbGV0ZSI6MTIwMDAwMDAwMDAwMCwicmVhZCI6OTAwMDAwMDAwMDAwLCJ1cGRhdGUiOjYwMDAwMDAwMDAwMH0sInNjaGVtYV92ZXJzaW9uIjoiMSJ9",
          "dependencies": [
            "module.iam_role.aws_iam_instance_profile.bastion_profile",
            "module.iam_role.aws_iam_role.bastion_role",
            "module.security_group.aws_security_group.bastion_sg"
          ]
        }
      ]
    },
    {
      "module": "module.iam_role",
      "mode": "managed",
      "type": "aws_iam_instance_profile",
      "name": "bastion_profile",
      "provider": "provider[\"registry.terraform.io/hashicorp/aws\"]",
      "instances": [
        {
          "schema_version": 0,
          "attributes": {
            "arn": "arn:aws:iam::545799132789:instance-profile/bastion-instance-profile",
            "create_date": "2025-03-19T19:09:42Z",
            "id": "bastion-instance-profile",
            "name": "bastion-instance-profile",
            "name_prefix": "",
            "path": "/",
            "role": "bastion-instance-role",
            "tags": {},
            "tags_all": {},
            "unique_id": "AIPAX6FBJ2Z23MIEPPFVW"
          },
          "sensitive_attributes": [],
          "private": "bnVsbA==",
          "dependencies": [
            "module.iam_role.aws_iam_role.bastion_role"
          ]
        }
      ]
    },
    {
      "module": "module.iam_role",
      "mode": "managed",
      "type": "aws_iam_policy_attachment",
      "name": "bastion_policy",
      "provider": "provider[\"registry.terraform.io/hashicorp/aws\"]",
      "instances": [
        {
          "schema_version": 0,
          "attributes": {
            "groups": [],
            "id": "bastion-policy-attachment",
            "name": "bastion-policy-attachment",
            "policy_arn": "arn:aws:iam::aws:policy/AmazonEC2FullAccess",
            "roles": [
              "bastion-instance-role"
            ],
            "users": []
          },
          "sensitive_attributes": [],
          "private": "bnVsbA==",
          "dependencies": [
            "module.iam_role.aws_iam_role.bastion_role"
          ]
        }
      ]
    },
    {
      "module": "module.iam_role",
      "mode": "managed",
      "type": "aws_iam_role",
      "name": "bastion_role",
      "provider": "provider[\"registry.terraform.io/hashicorp/aws\"]",
      "instances": [
        {
          "schema_version": 0,
          "attributes": {
            "arn": "arn:aws:iam::545799132789:role/bastion-instance-role",
            "assume_role_policy": "{\"Statement\":[{\"Action\":\"sts:AssumeRole\",\"Effect\":\"Allow\",\"Principal\":{\"Service\":\"ec2.amazonaws.com\"}}],\"Version\":\"2012-10-17\"}",
            "create_date": "2025-03-19T19:09:41Z",
            "description": "",
            "force_detach_policies": false,
            "id": "bastion-instance-role",
            "inline_policy": [],
            "managed_policy_arns": [
              "arn:aws:iam::aws:policy/AmazonEC2FullAccess"
            ],
            "max_session_duration": 3600,
            "name": "bastion-instance-role",
            "name_prefix": "",
            "path": "/",
            "permissions_boundary": "",
            "tags": {},
            "tags_all": {},
            "unique_id": "AROAX6FBJ2Z252RQJ5TWE"
          },
          "sensitive_attributes": [],
          "private": "bnVsbA=="
        }
      ]
    },
    {
      "module": "module.security_group",
      "mode": "managed",
      "type": "aws_security_group",
      "name": "bastion_sg",
      "provider": "provider[\"registry.terraform.io/hashicorp/aws\"]",
      "instances": [
        {
          "schema_version": 1,
          "attributes": {
            "arn": "arn:aws:ec2:ca-central-1:545799132789:security-group/sg-0921b802f32529f1c",
            "description": "Security group for the Bastion Host",
            "egress": [
              {
                "cidr_blocks": [
                  "0.0.0.0/0"
                ],
                "description": "",
                "from_port": 0,
                "ipv6_cidr_blocks": [],
                "prefix_list_ids": [],
                "protocol": "-1",
                "security_groups": [],
                "self": false,
                "to_port": 0
              }
            ],
            "id": "sg-0921b802f32529f1c",
            "ingress": [
              {
                "cidr_blocks": [
                  "0.0.0.0/0"
                ],
                "description": "SSH Access",
                "from_port": 22,
                "ipv6_cidr_blocks": [],
                "prefix_list_ids": [],
                "protocol": "tcp",
                "security_groups": [],
                "self": false,
                "to_port": 22
              }
            ],
            "name": "bastion-security-group",
            "name_prefix": "",
            "owner_id": "545799132789",
            "revoke_rules_on_delete": false,
            "tags": {
              "Name": "bastion-security-group"
            },
            "tags_all": {
              "Name": "bastion-security-group"
            },
            "timeouts": null,
            "vpc_id": "vpc-0b74cf272a8603762"
          },
          "sensitive_attributes": [],
          "private": "eyJlMmJmYjczMC1lY2FhLTExZTYtOGY4OC0zNDM2M2JjN2M0YzAiOnsiY3JlYXRlIjo2MDAwMDAwMDAwMDAsImRlbGV0ZSI6OTAwMDAwMDAwMDAwfSwic2NoZW1hX3ZlcnNpb24iOiIxIn0="
        }
      ]
    }
  ],
  "check_results": null
}
